<?xml version="1.0" encoding="utf-8"?>
<Project xmlns="http://schemas.microsoft.com/developer/msbuild/2003">
  <ItemGroup>
    <Filter Include="Form Files">
      <UniqueIdentifier>{99349809-55BA-4b9d-BF79-8FDBB0286EB3}</UniqueIdentifier>
      <Extensions>ui</Extensions>
      <ParseFiles>false</ParseFiles>
    </Filter>
    <Filter Include="Form Files">
      <UniqueIdentifier>{99349809-55BA-4b9d-BF79-8FDBB0286EB3}</UniqueIdentifier>
      <Extensions>ui</Extensions>
      <ParseFiles>false</ParseFiles>
    </Filter>
    <Filter Include="Generated Files">
      <UniqueIdentifier>{71ED8ED8-ACB9-4CE9-BBE1-E00B30144E11}</UniqueIdentifier>
      <Extensions>cpp;c;cxx;moc;h;def;odl;idl;res;</Extensions>
    </Filter>
    <Filter Include="Generated Files">
      <UniqueIdentifier>{71ED8ED8-ACB9-4CE9-BBE1-E00B30144E11}</UniqueIdentifier>
      <Extensions>cpp;c;cxx;moc;h;def;odl;idl;res;</Extensions>
    </Filter>
    <Filter Include="Header Files">
      <UniqueIdentifier>{93995380-89BD-4b04-88EB-625FBE52EBFB}</UniqueIdentifier>
      <Extensions>h;hpp;hxx;hm;inl;inc;xsd</Extensions>
    </Filter>
    <Filter Include="Header Files">
      <UniqueIdentifier>{93995380-89BD-4b04-88EB-625FBE52EBFB}</UniqueIdentifier>
      <Extensions>h;hpp;hxx;hm;inl;inc;xsd</Extensions>
    </Filter>
    <Filter Include="Resource Files">
      <UniqueIdentifier>{D9D6E242-F8AF-46E4-B9FD-80ECBC20BA3E}</UniqueIdentifier>
      <Extensions>qrc;*</Extensions>
      <ParseFiles>false</ParseFiles>
    </Filter>
    <Filter Include="Resource Files">
      <UniqueIdentifier>{D9D6E242-F8AF-46E4-B9FD-80ECBC20BA3E}</UniqueIdentifier>
      <Extensions>qrc;*</Extensions>
      <ParseFiles>false</ParseFiles>
    </Filter>
    <Filter Include="Source Files">
      <UniqueIdentifier>{4FC737F1-C7A5-4376-A066-2A32D752A2FF}</UniqueIdentifier>
      <Extensions>cpp;c;cxx;def;odl;idl;hpj;bat;asm;asmx</Extensions>
    </Filter>
    <Filter Include="Source Files">
      <UniqueIdentifier>{4FC737F1-C7A5-4376-A066-2A32D752A2FF}</UniqueIdentifier>
      <Extensions>cpp;c;cxx;def;odl;idl;hpj;bat;asm;asmx</Extensions>
    </Filter>
  </ItemGroup>
  <ItemGroup>
    <ClCompile Include="udt_src\api.cpp">
      <Filter>Source Files</Filter>
    </ClCompile>
    <ClCompile Include="udt_src\buffer.cpp">
      <Filter>Source Files</Filter>
    </ClCompile>
    <ClCompile Include="udt_src\cache.cpp">
      <Filter>Source Files</Filter>
    </ClCompile>
    <ClCompile Include="udt_src\ccc.cpp">
      <Filter>Source Files</Filter>
    </ClCompile>
    <ClCompile Include="udt_src\channel.cpp">
      <Filter>Source Files</Filter>
    </ClCompile>
    <ClCompile Include="udt_src\common.cpp">
      <Filter>Source Files</Filter>
    </ClCompile>
    <ClCompile Include="udt_src\core.cpp">
      <Filter>Source Files</Filter>
    </ClCompile>
    <ClCompile Include="udt_src\epoll.cpp">
      <Filter>Source Files</Filter>
    </ClCompile>
    <ClCompile Include="udt_src\list.cpp">
      <Filter>Source Files</Filter>
    </ClCompile>
    <ClCompile Include="main.cpp">
      <Filter>Source Files</Filter>
    </ClCompile>
    <ClCompile Include="udt_src\md5.cpp">
      <Filter>Source Files</Filter>
    </ClCompile>
    <ClCompile Include="udt_src\packet.cpp">
      <Filter>Source Files</Filter>
    </ClCompile>
    <ClCompile Include="udt_src\queue.cpp">
      <Filter>Source Files</Filter>
    </ClCompile>
    <ClCompile Include="udp_file_recv.cpp">
      <Filter>Source Files</Filter>
    </ClCompile>
    <ClCompile Include="widget.cpp">
      <Filter>Source Files</Filter>
    </ClCompile>
    <ClCompile Include="udt_src\window.cpp">
      <Filter>Source Files</Filter>
    </ClCompile>
  </ItemGroup>
  <ItemGroup>
    <ClInclude Include="udt_src\api.h">
      <Filter>Header Files</Filter>
    </ClInclude>
    <ClInclude Include="udt_src\buffer.h">
      <Filter>Header Files</Filter>
    </ClInclude>
    <ClInclude Include="udt_src\cache.h">
      <Filter>Header Files</Filter>
    </ClInclude>
    <ClInclude Include="udt_src\ccc.h">
      <Filter>Header Files</Filter>
    </ClInclude>
    <ClInclude Include="udt_src\channel.h">
      <Filter>Header Files</Filter>
    </ClInclude>
    <ClInclude Include="udt_src\common.h">
      <Filter>Header Files</Filter>
    </ClInclude>
    <ClInclude Include="udt_src\core.h">
      <Filter>Header Files</Filter>
    </ClInclude>
    <ClInclude Include="udt_src\epoll.h">
      <Filter>Header Files</Filter>
    </ClInclude>
    <ClInclude Include="udt_src\list.h">
      <Filter>Header Files</Filter>
    </ClInclude>
    <ClInclude Include="udt_src\md5.h">
      <Filter>Header Files</Filter>
    </ClInclude>
    <ClInclude Include="udt_src\packet.h">
      <Filter>Header Files</Filter>
    </ClInclude>
    <ClInclude Include="udt_src\queue.h">
      <Filter>Header Files</Filter>
    </ClInclude>
    <QtMoc Include="udp_file_recv.h">
      <Filter>Header Files</Filter>
    </QtMoc>
    <ClInclude Include="udt_src\udt.h">
      <Filter>Header Files</Filter>
    </ClInclude>
    <QtMoc Include="widget.h">
      <Filter>Header Files</Filter>
    </QtMoc>
    <ClInclude Include="udt_src\window.h">
      <Filter>Header Files</Filter>
    </ClInclude>
  </ItemGroup>
  <ItemGroup>
    <CustomBuild Include="debug\moc_predefs.h.cbt">
      <Filter>Generated Files</Filter>
    </CustomBuild>
    <CustomBuild Include="release\moc_predefs.h.cbt">
      <Filter>Generated Files</Filter>
    </CustomBuild>
    
    
    
    
    
    
    
  </ItemGroup>
  <ItemGroup>
    <QtUic Include="widget.ui">
      <Filter>Form Files</Filter>
    </QtUic>
  </ItemGroup>
  <ItemGroup>
    <None Include="resource\add_bottom.png">
      <Filter>Resource Files</Filter>
    </None>
    <None Include="resource\add_left.png">
      <Filter>Resource Files</Filter>
    </None>
    <None Include="resource\add_right.png">
      <Filter>Resource Files</Filter>
    </None>
    <None Include="resource\add_top.png">
      <Filter>Resource Files</Filter>
    </None>
    <None Include="resource\blue.css">
      <Filter>Resource Files</Filter>
    </None>
    <None Include="resource\btn_close.png">
      <Filter>Resource Files</Filter>
    </None>
    <None Include="resource\btn_ok.png">
      <Filter>Resource Files</Filter>
    </None>
    <None Include="resource\checkbox_checked.png">
      <Filter>Resource Files</Filter>
    </None>
    <None Include="resource\checkbox_unchecked.png">
      <Filter>Resource Files</Filter>
    </None>
    <None Include="resource\msg_error.png">
      <Filter>Resource Files</Filter>
    </None>
    <None Include="resource\msg_info.png">
      <Filter>Resource Files</Filter>
    </None>
    <None Include="resource\radio_normal.png">
      <Filter>Resource Files</Filter>
    </None>
    <None Include="resource\radio_selected.png">
      <Filter>Resource Files</Filter>
    </None>
    <QtRcc Include="resource\resource.qrc">
      <Filter>Resource Files</Filter>
    </QtRcc>
  </ItemGroup>
  <ItemGroup>
    <ResourceCompile Include="H:\Download\??UDP????????????_?????????\UDP_Server\UDP_Server_resource.rc" />
  </ItemGroup>
</Project>